
Microsoft Visual Studio Solution File, Format Version 12.00
# Visual Studio Version 17
VisualStudioVersion = 17.8.34316.72
MinimumVisualStudioVersion = 10.0.40219.1
Project("{FAE04EC0-301F-11D3-BF4B-00C04F79EFBC}") = "DataStructures_EdnaLynnLaxa", "DataStructures_EdnaLynnLaxa.csproj", "{ACAC8F8B-DC96-4068-82CC-A09CA8B2B010}"
EndProject
Global
	GlobalSection(SolutionConfigurationPlatforms) = preSolution
		Debug|Any CPU = Debug|Any CPU
		Release|Any CPU = Release|Any CPU
	EndGlobalSection
	GlobalSection(ProjectConfigurationPlatforms) = postSolution
		{ACAC8F8B-DC96-4068-82CC-A09CA8B2B010}.Debug|Any CPU.ActiveCfg = Debug|Any CPU
		{ACAC8F8B-DC96-4068-82CC-A09CA8B2B010}.Debug|Any CPU.Build.0 = Debug|Any CPU
		{ACAC8F8B-DC96-4068-82CC-A09CA8B2B010}.Release|Any CPU.ActiveCfg = Release|Any CPU
		{ACAC8F8B-DC96-4068-82CC-A09CA8B2B010}.Release|Any CPU.Build.0 = Release|Any CPU
	EndGlobalSection
	GlobalSection(SolutionProperties) = preSolution
		HideSolutionNode = FALSE
	EndGlobalSection
	GlobalSection(ExtensibilityGlobals) = postSolution
		SolutionGuid = {6527B97C-CDED-46ED-9247-823426A83199}
	EndGlobalSection
EndGlobal
